
Microsoft Visual Studio Solution File, Format Version 12.00
# Visual Studio 2013
VisualStudioVersion = 12.0.40629.0
MinimumVisualStudioVersion = 10.0.40219.1
Project("{FAE04EC0-301F-11D3-BF4B-00C04F79EFBC}") = "MVCDemo", "MVCDemo\MVCDemo.csproj", "{692EC4A2-10BE-4E14-893F-2CDB6A221AE6}"
EndProject
Global
	GlobalSection(SolutionConfigurationPlatforms) = preSolution
		Debug|Any CPU = Debug|Any CPU
		Release|Any CPU = Release|Any CPU
	EndGlobalSection
	GlobalSection(ProjectConfigurationPlatforms) = postSolution
		{692EC4A2-10BE-4E14-893F-2CDB6A221AE6}.Debug|Any CPU.ActiveCfg = Debug|Any CPU
		{692EC4A2-10BE-4E14-893F-2CDB6A221AE6}.Debug|Any CPU.Build.0 = Debug|Any CPU
		{692EC4A2-10BE-4E14-893F-2CDB6A221AE6}.Release|Any CPU.ActiveCfg = Release|Any CPU
		{692EC4A2-10BE-4E14-893F-2CDB6A221AE6}.Release|Any CPU.Build.0 = Release|Any CPU
	EndGlobalSection
	GlobalSection(SolutionProperties) = preSolution
		HideSolutionNode = FALSE
	EndGlobalSection
EndGlobal
