
Microsoft Visual Studio Solution File, Format Version 12.00
# Visual Studio 2013
VisualStudioVersion = 12.0.40629.0
MinimumVisualStudioVersion = 10.0.40219.1
Project("{FAE04EC0-301F-11D3-BF4B-00C04F79EFBC}") = "Stack", "Stack\Stack.csproj", "{7250485E-5FA5-4EFB-8BB0-D7521149252B}"
EndProject
Project("{FAE04EC0-301F-11D3-BF4B-00C04F79EFBC}") = "UnitTestStack", "UnitTestStack\UnitTestStack.csproj", "{C6855B31-A7F1-4FF6-B4FB-C29A6306203E}"
EndProject
Global
	GlobalSection(SolutionConfigurationPlatforms) = preSolution
		Debug|Any CPU = Debug|Any CPU
		Release|Any CPU = Release|Any CPU
	EndGlobalSection
	GlobalSection(ProjectConfigurationPlatforms) = postSolution
		{7250485E-5FA5-4EFB-8BB0-D7521149252B}.Debug|Any CPU.ActiveCfg = Debug|Any CPU
		{7250485E-5FA5-4EFB-8BB0-D7521149252B}.Debug|Any CPU.Build.0 = Debug|Any CPU
		{7250485E-5FA5-4EFB-8BB0-D7521149252B}.Release|Any CPU.ActiveCfg = Release|Any CPU
		{7250485E-5FA5-4EFB-8BB0-D7521149252B}.Release|Any CPU.Build.0 = Release|Any CPU
		{C6855B31-A7F1-4FF6-B4FB-C29A6306203E}.Debug|Any CPU.ActiveCfg = Debug|Any CPU
		{C6855B31-A7F1-4FF6-B4FB-C29A6306203E}.Debug|Any CPU.Build.0 = Debug|Any CPU
		{C6855B31-A7F1-4FF6-B4FB-C29A6306203E}.Release|Any CPU.ActiveCfg = Release|Any CPU
		{C6855B31-A7F1-4FF6-B4FB-C29A6306203E}.Release|Any CPU.Build.0 = Release|Any CPU
	EndGlobalSection
	GlobalSection(SolutionProperties) = preSolution
		HideSolutionNode = FALSE
	EndGlobalSection
EndGlobal
